
Microsoft Visual Studio Solution File, Format Version 12.00
# Visual Studio Version 16
VisualStudioVersion = 16.0.37301.9
MinimumVisualStudioVersion = 10.0.40219.1
Project("{FAE04EC0-301F-11D3-BF4B-00C04F79EFBC}") = "MiPrimerProyecto", "MiPrimerProyecto\MiPrimerProyecto.csproj", "{20F9C570-3934-4769-9729-FF2742C86EC3}"
EndProject
Global
	GlobalSection(SolutionConfigurationPlatforms) = preSolution
		Debug|Any CPU = Debug|Any CPU
		Release|Any CPU = Release|Any CPU
	EndGlobalSection
	GlobalSection(ProjectConfigurationPlatforms) = postSolution
		{20F9C570-3934-4769-9729-FF2742C86EC3}.Debug|Any CPU.ActiveCfg = Debug|Any CPU
		{20F9C570-3934-4769-9729-FF2742C86EC3}.Debug|Any CPU.Build.0 = Debug|Any CPU
		{20F9C570-3934-4769-9729-FF2742C86EC3}.Release|Any CPU.ActiveCfg = Release|Any CPU
		{20F9C570-3934-4769-9729-FF2742C86EC3}.Release|Any CPU.Build.0 = Release|Any CPU
	EndGlobalSection
	GlobalSection(SolutionProperties) = preSolution
		HideSolutionNode = FALSE
	EndGlobalSection
	GlobalSection(ExtensibilityGlobals) = postSolution
		SolutionGuid = {95F04208-60C5-479E-A691-B888EA1C9E0E}
	EndGlobalSection
EndGlobal
