
Microsoft Visual Studio Solution File, Format Version 12.00
# Visual Studio Version 16
VisualStudioVersion = 16.0.37301.9
MinimumVisualStudioVersion = 10.0.40219.1
Project("{FAE04EC0-301F-11D3-BF4B-00C04F79EFBC}") = "Validaciones de controles", "Validaciones de controles\Validaciones de controles.csproj", "{94CDEC4F-CCC4-40A1-8831-CB975121C20E}"
EndProject
Global
	GlobalSection(SolutionConfigurationPlatforms) = preSolution
		Debug|Any CPU = Debug|Any CPU
		Release|Any CPU = Release|Any CPU
	EndGlobalSection
	GlobalSection(ProjectConfigurationPlatforms) = postSolution
		{94CDEC4F-CCC4-40A1-8831-CB975121C20E}.Debug|Any CPU.ActiveCfg = Debug|Any CPU
		{94CDEC4F-CCC4-40A1-8831-CB975121C20E}.Debug|Any CPU.Build.0 = Debug|Any CPU
		{94CDEC4F-CCC4-40A1-8831-CB975121C20E}.Release|Any CPU.ActiveCfg = Release|Any CPU
		{94CDEC4F-CCC4-40A1-8831-CB975121C20E}.Release|Any CPU.Build.0 = Release|Any CPU
	EndGlobalSection
	GlobalSection(SolutionProperties) = preSolution
		HideSolutionNode = FALSE
	EndGlobalSection
	GlobalSection(ExtensibilityGlobals) = postSolution
		SolutionGuid = {117ABE74-FAAF-4E06-9A1C-DB65B8C2C61C}
	EndGlobalSection
EndGlobal
